
Microsoft Visual Studio Solution File, Format Version 12.00
# Visual Studio 15
VisualStudioVersion = 15.0.28307.960
MinimumVisualStudioVersion = 10.0.40219.1
Project("{9A19103F-16F7-4668-BE54-9A1E7A4F7556}") = "Factory", "DesignPatterns\Factory.csproj", "{C3B20224-996E-45A7-A331-8B2ED4C5F8ED}"
EndProject
Project("{FAE04EC0-301F-11D3-BF4B-00C04F79EFBC}") = "AbstractFactory", "AbstractFactory\AbstractFactory.csproj", "{DBE936D4-AF57-4C0D-BDF4-A2E244DE718F}"
EndProject
Project("{FAE04EC0-301F-11D3-BF4B-00C04F79EFBC}") = "Builder", "Builder\Builder.csproj", "{39A695FA-C27D-49B0-9E59-4E052E41EEF3}"
EndProject
Project("{FAE04EC0-301F-11D3-BF4B-00C04F79EFBC}") = "Prototype", "Prototype\Prototype.csproj", "{C9C360F1-90C8-4DFD-B63C-4FB230A2541E}"
EndProject
Project("{FAE04EC0-301F-11D3-BF4B-00C04F79EFBC}") = "Singleton", "Singleton\Singleton.csproj", "{E042F2DC-36C4-4BF5-AAAC-1A0CDF2A0D56}"
EndProject
Project("{2150E333-8FDC-42A3-9474-1A3956D46DE8}") = "Creational", "Creational", "{5B029BC2-D3E3-4624-B13F-C0503345AC71}"
EndProject
Project("{2150E333-8FDC-42A3-9474-1A3956D46DE8}") = "Structural", "Structural", "{79D8E564-49D3-4937-B8EC-5FA3A4C0E773}"
EndProject
Project("{2150E333-8FDC-42A3-9474-1A3956D46DE8}") = "Behavioral", "Behavioral", "{2E49AB43-F80C-48E1-B2E1-8195C3D2E92A}"
EndProject
Project("{FAE04EC0-301F-11D3-BF4B-00C04F79EFBC}") = "Adapter", "Adapter\Adapter.csproj", "{BF2D5BEE-4D0D-4D50-9E19-5629399B0834}"
EndProject
Project("{FAE04EC0-301F-11D3-BF4B-00C04F79EFBC}") = "Bridge", "Bridge\Bridge.csproj", "{D2E082E1-74F2-4193-B8F9-22820BDB6102}"
EndProject
Project("{FAE04EC0-301F-11D3-BF4B-00C04F79EFBC}") = "Composite", "Composite\Composite.csproj", "{FD8EF481-8798-43CE-AC73-9AEAF88C2C14}"
EndProject
Project("{FAE04EC0-301F-11D3-BF4B-00C04F79EFBC}") = "Decorator", "Decorator\Decorator.csproj", "{C41CADEA-42A0-4B5B-BA01-E84CA920ACB8}"
EndProject
Project("{FAE04EC0-301F-11D3-BF4B-00C04F79EFBC}") = "Flyweight", "Flyweight\Flyweight.csproj", "{77575A49-06E1-47D7-8932-2777A8E8EA61}"
EndProject
Project("{FAE04EC0-301F-11D3-BF4B-00C04F79EFBC}") = "Proxy", "Proxy\Proxy.csproj", "{91DD9975-CBAA-4076-B8B6-4A19AAE447F4}"
EndProject
Project("{FAE04EC0-301F-11D3-BF4B-00C04F79EFBC}") = "ChainOfResponsibility", "ChainOfResponsibility\ChainOfResponsibility.csproj", "{77C3244F-9305-44E8-89C6-364C0684295A}"
EndProject
Project("{FAE04EC0-301F-11D3-BF4B-00C04F79EFBC}") = "Facade", "Facade\Facade.csproj", "{9A039F9B-5641-4FA4-97AF-F484DC5852D0}"
EndProject
Project("{FAE04EC0-301F-11D3-BF4B-00C04F79EFBC}") = "Command", "Command\Command.csproj", "{58E4D8BB-5B88-497D-92F1-443593F6CA16}"
EndProject
Project("{FAE04EC0-301F-11D3-BF4B-00C04F79EFBC}") = "Iterator", "Iterator\Iterator.csproj", "{AE387E0B-C388-4D8B-AD5D-17FDEABF9609}"
EndProject
Project("{FAE04EC0-301F-11D3-BF4B-00C04F79EFBC}") = "Mediator", "Mediator\Mediator.csproj", "{DBD9DEFA-67BB-4CAD-99F8-44449C1A5B0A}"
EndProject
Project("{FAE04EC0-301F-11D3-BF4B-00C04F79EFBC}") = "Memento", "Memento\Memento.csproj", "{A9FC2358-1562-4476-A008-3CD57FBD33A3}"
EndProject
Project("{FAE04EC0-301F-11D3-BF4B-00C04F79EFBC}") = "Observer", "Observer\Observer.csproj", "{5D84C3D3-B638-463C-8074-7D5E1B39BFBD}"
EndProject
Project("{FAE04EC0-301F-11D3-BF4B-00C04F79EFBC}") = "State", "State\State.csproj", "{F4292B5A-8736-4B6D-8205-6471107A406A}"
EndProject
Project("{FAE04EC0-301F-11D3-BF4B-00C04F79EFBC}") = "Strategy", "Strategy\Strategy.csproj", "{805FA3EE-6E12-4F8C-9D72-A4B2B19A6571}"
EndProject
Project("{FAE04EC0-301F-11D3-BF4B-00C04F79EFBC}") = "Template", "Template\Template.csproj", "{A70F22B3-A2CA-4A6F-BBAF-A56BF92EAF7F}"
EndProject
Project("{FAE04EC0-301F-11D3-BF4B-00C04F79EFBC}") = "Visitor", "Visitor\Visitor.csproj", "{E54C5DD3-56BA-4734-A7F8-B5345B0DE78F}"
EndProject
Global
	GlobalSection(SolutionConfigurationPlatforms) = preSolution
		Debug|Any CPU = Debug|Any CPU
		Release|Any CPU = Release|Any CPU
	EndGlobalSection
	GlobalSection(ProjectConfigurationPlatforms) = postSolution
		{C3B20224-996E-45A7-A331-8B2ED4C5F8ED}.Debug|Any CPU.ActiveCfg = Debug|Any CPU
		{C3B20224-996E-45A7-A331-8B2ED4C5F8ED}.Debug|Any CPU.Build.0 = Debug|Any CPU
		{C3B20224-996E-45A7-A331-8B2ED4C5F8ED}.Release|Any CPU.ActiveCfg = Release|Any CPU
		{C3B20224-996E-45A7-A331-8B2ED4C5F8ED}.Release|Any CPU.Build.0 = Release|Any CPU
		{DBE936D4-AF57-4C0D-BDF4-A2E244DE718F}.Debug|Any CPU.ActiveCfg = Debug|Any CPU
		{DBE936D4-AF57-4C0D-BDF4-A2E244DE718F}.Debug|Any CPU.Build.0 = Debug|Any CPU
		{DBE936D4-AF57-4C0D-BDF4-A2E244DE718F}.Release|Any CPU.ActiveCfg = Release|Any CPU
		{DBE936D4-AF57-4C0D-BDF4-A2E244DE718F}.Release|Any CPU.Build.0 = Release|Any CPU
		{39A695FA-C27D-49B0-9E59-4E052E41EEF3}.Debug|Any CPU.ActiveCfg = Debug|Any CPU
		{39A695FA-C27D-49B0-9E59-4E052E41EEF3}.Debug|Any CPU.Build.0 = Debug|Any CPU
		{39A695FA-C27D-49B0-9E59-4E052E41EEF3}.Release|Any CPU.ActiveCfg = Release|Any CPU
		{39A695FA-C27D-49B0-9E59-4E052E41EEF3}.Release|Any CPU.Build.0 = Release|Any CPU
		{C9C360F1-90C8-4DFD-B63C-4FB230A2541E}.Debug|Any CPU.ActiveCfg = Debug|Any CPU
		{C9C360F1-90C8-4DFD-B63C-4FB230A2541E}.Debug|Any CPU.Build.0 = Debug|Any CPU
		{C9C360F1-90C8-4DFD-B63C-4FB230A2541E}.Release|Any CPU.ActiveCfg = Release|Any CPU
		{C9C360F1-90C8-4DFD-B63C-4FB230A2541E}.Release|Any CPU.Build.0 = Release|Any CPU
		{E042F2DC-36C4-4BF5-AAAC-1A0CDF2A0D56}.Debug|Any CPU.ActiveCfg = Debug|Any CPU
		{E042F2DC-36C4-4BF5-AAAC-1A0CDF2A0D56}.Debug|Any CPU.Build.0 = Debug|Any CPU
		{E042F2DC-36C4-4BF5-AAAC-1A0CDF2A0D56}.Release|Any CPU.ActiveCfg = Release|Any CPU
		{E042F2DC-36C4-4BF5-AAAC-1A0CDF2A0D56}.Release|Any CPU.Build.0 = Release|Any CPU
		{BF2D5BEE-4D0D-4D50-9E19-5629399B0834}.Debug|Any CPU.ActiveCfg = Debug|Any CPU
		{BF2D5BEE-4D0D-4D50-9E19-5629399B0834}.Debug|Any CPU.Build.0 = Debug|Any CPU
		{BF2D5BEE-4D0D-4D50-9E19-5629399B0834}.Release|Any CPU.ActiveCfg = Release|Any CPU
		{BF2D5BEE-4D0D-4D50-9E19-5629399B0834}.Release|Any CPU.Build.0 = Release|Any CPU
		{D2E082E1-74F2-4193-B8F9-22820BDB6102}.Debug|Any CPU.ActiveCfg = Debug|Any CPU
		{D2E082E1-74F2-4193-B8F9-22820BDB6102}.Debug|Any CPU.Build.0 = Debug|Any CPU
		{D2E082E1-74F2-4193-B8F9-22820BDB6102}.Release|Any CPU.ActiveCfg = Release|Any CPU
		{D2E082E1-74F2-4193-B8F9-22820BDB6102}.Release|Any CPU.Build.0 = Release|Any CPU
		{FD8EF481-8798-43CE-AC73-9AEAF88C2C14}.Debug|Any CPU.ActiveCfg = Debug|Any CPU
		{FD8EF481-8798-43CE-AC73-9AEAF88C2C14}.Debug|Any CPU.Build.0 = Debug|Any CPU
		{FD8EF481-8798-43CE-AC73-9AEAF88C2C14}.Release|Any CPU.ActiveCfg = Release|Any CPU
		{FD8EF481-8798-43CE-AC73-9AEAF88C2C14}.Release|Any CPU.Build.0 = Release|Any CPU
		{C41CADEA-42A0-4B5B-BA01-E84CA920ACB8}.Debug|Any CPU.ActiveCfg = Debug|Any CPU
		{C41CADEA-42A0-4B5B-BA01-E84CA920ACB8}.Debug|Any CPU.Build.0 = Debug|Any CPU
		{C41CADEA-42A0-4B5B-BA01-E84CA920ACB8}.Release|Any CPU.ActiveCfg = Release|Any CPU
		{C41CADEA-42A0-4B5B-BA01-E84CA920ACB8}.Release|Any CPU.Build.0 = Release|Any CPU
		{77575A49-06E1-47D7-8932-2777A8E8EA61}.Debug|Any CPU.ActiveCfg = Debug|Any CPU
		{77575A49-06E1-47D7-8932-2777A8E8EA61}.Debug|Any CPU.Build.0 = Debug|Any CPU
		{77575A49-06E1-47D7-8932-2777A8E8EA61}.Release|Any CPU.ActiveCfg = Release|Any CPU
		{77575A49-06E1-47D7-8932-2777A8E8EA61}.Release|Any CPU.Build.0 = Release|Any CPU
		{91DD9975-CBAA-4076-B8B6-4A19AAE447F4}.Debug|Any CPU.ActiveCfg = Debug|Any CPU
		{91DD9975-CBAA-4076-B8B6-4A19AAE447F4}.Debug|Any CPU.Build.0 = Debug|Any CPU
		{91DD9975-CBAA-4076-B8B6-4A19AAE447F4}.Release|Any CPU.ActiveCfg = Release|Any CPU
		{91DD9975-CBAA-4076-B8B6-4A19AAE447F4}.Release|Any CPU.Build.0 = Release|Any CPU
		{77C3244F-9305-44E8-89C6-364C0684295A}.Debug|Any CPU.ActiveCfg = Debug|Any CPU
		{77C3244F-9305-44E8-89C6-364C0684295A}.Debug|Any CPU.Build.0 = Debug|Any CPU
		{77C3244F-9305-44E8-89C6-364C0684295A}.Release|Any CPU.ActiveCfg = Release|Any CPU
		{77C3244F-9305-44E8-89C6-364C0684295A}.Release|Any CPU.Build.0 = Release|Any CPU
		{9A039F9B-5641-4FA4-97AF-F484DC5852D0}.Debug|Any CPU.ActiveCfg = Debug|Any CPU
		{9A039F9B-5641-4FA4-97AF-F484DC5852D0}.Debug|Any CPU.Build.0 = Debug|Any CPU
		{9A039F9B-5641-4FA4-97AF-F484DC5852D0}.Release|Any CPU.ActiveCfg = Release|Any CPU
		{9A039F9B-5641-4FA4-97AF-F484DC5852D0}.Release|Any CPU.Build.0 = Release|Any CPU
		{58E4D8BB-5B88-497D-92F1-443593F6CA16}.Debug|Any CPU.ActiveCfg = Debug|Any CPU
		{58E4D8BB-5B88-497D-92F1-443593F6CA16}.Debug|Any CPU.Build.0 = Debug|Any CPU
		{58E4D8BB-5B88-497D-92F1-443593F6CA16}.Release|Any CPU.ActiveCfg = Release|Any CPU
		{58E4D8BB-5B88-497D-92F1-443593F6CA16}.Release|Any CPU.Build.0 = Release|Any CPU
		{AE387E0B-C388-4D8B-AD5D-17FDEABF9609}.Debug|Any CPU.ActiveCfg = Debug|Any CPU
		{AE387E0B-C388-4D8B-AD5D-17FDEABF9609}.Debug|Any CPU.Build.0 = Debug|Any CPU
		{AE387E0B-C388-4D8B-AD5D-17FDEABF9609}.Release|Any CPU.ActiveCfg = Release|Any CPU
		{AE387E0B-C388-4D8B-AD5D-17FDEABF9609}.Release|Any CPU.Build.0 = Release|Any CPU
		{DBD9DEFA-67BB-4CAD-99F8-44449C1A5B0A}.Debug|Any CPU.ActiveCfg = Debug|Any CPU
		{DBD9DEFA-67BB-4CAD-99F8-44449C1A5B0A}.Debug|Any CPU.Build.0 = Debug|Any CPU
		{DBD9DEFA-67BB-4CAD-99F8-44449C1A5B0A}.Release|Any CPU.ActiveCfg = Release|Any CPU
		{DBD9DEFA-67BB-4CAD-99F8-44449C1A5B0A}.Release|Any CPU.Build.0 = Release|Any CPU
		{A9FC2358-1562-4476-A008-3CD57FBD33A3}.Debug|Any CPU.ActiveCfg = Debug|Any CPU
		{A9FC2358-1562-4476-A008-3CD57FBD33A3}.Debug|Any CPU.Build.0 = Debug|Any CPU
		{A9FC2358-1562-4476-A008-3CD57FBD33A3}.Release|Any CPU.ActiveCfg = Release|Any CPU
		{A9FC2358-1562-4476-A008-3CD57FBD33A3}.Release|Any CPU.Build.0 = Release|Any CPU
		{5D84C3D3-B638-463C-8074-7D5E1B39BFBD}.Debug|Any CPU.ActiveCfg = Debug|Any CPU
		{5D84C3D3-B638-463C-8074-7D5E1B39BFBD}.Debug|Any CPU.Build.0 = Debug|Any CPU
		{5D84C3D3-B638-463C-8074-7D5E1B39BFBD}.Release|Any CPU.ActiveCfg = Release|Any CPU
		{5D84C3D3-B638-463C-8074-7D5E1B39BFBD}.Release|Any CPU.Build.0 = Release|Any CPU
		{F4292B5A-8736-4B6D-8205-6471107A406A}.Debug|Any CPU.ActiveCfg = Debug|Any CPU
		{F4292B5A-8736-4B6D-8205-6471107A406A}.Debug|Any CPU.Build.0 = Debug|Any CPU
		{F4292B5A-8736-4B6D-8205-6471107A406A}.Release|Any CPU.ActiveCfg = Release|Any CPU
		{F4292B5A-8736-4B6D-8205-6471107A406A}.Release|Any CPU.Build.0 = Release|Any CPU
		{805FA3EE-6E12-4F8C-9D72-A4B2B19A6571}.Debug|Any CPU.ActiveCfg = Debug|Any CPU
		{805FA3EE-6E12-4F8C-9D72-A4B2B19A6571}.Debug|Any CPU.Build.0 = Debug|Any CPU
		{805FA3EE-6E12-4F8C-9D72-A4B2B19A6571}.Release|Any CPU.ActiveCfg = Release|Any CPU
		{805FA3EE-6E12-4F8C-9D72-A4B2B19A6571}.Release|Any CPU.Build.0 = Release|Any CPU
		{A70F22B3-A2CA-4A6F-BBAF-A56BF92EAF7F}.Debug|Any CPU.ActiveCfg = Debug|Any CPU
		{A70F22B3-A2CA-4A6F-BBAF-A56BF92EAF7F}.Debug|Any CPU.Build.0 = Debug|Any CPU
		{A70F22B3-A2CA-4A6F-BBAF-A56BF92EAF7F}.Release|Any CPU.ActiveCfg = Release|Any CPU
		{A70F22B3-A2CA-4A6F-BBAF-A56BF92EAF7F}.Release|Any CPU.Build.0 = Release|Any CPU
		{E54C5DD3-56BA-4734-A7F8-B5345B0DE78F}.Debug|Any CPU.ActiveCfg = Debug|Any CPU
		{E54C5DD3-56BA-4734-A7F8-B5345B0DE78F}.Debug|Any CPU.Build.0 = Debug|Any CPU
		{E54C5DD3-56BA-4734-A7F8-B5345B0DE78F}.Release|Any CPU.ActiveCfg = Release|Any CPU
		{E54C5DD3-56BA-4734-A7F8-B5345B0DE78F}.Release|Any CPU.Build.0 = Release|Any CPU
	EndGlobalSection
	GlobalSection(SolutionProperties) = preSolution
		HideSolutionNode = FALSE
	EndGlobalSection
	GlobalSection(NestedProjects) = preSolution
		{C3B20224-996E-45A7-A331-8B2ED4C5F8ED} = {5B029BC2-D3E3-4624-B13F-C0503345AC71}
		{DBE936D4-AF57-4C0D-BDF4-A2E244DE718F} = {5B029BC2-D3E3-4624-B13F-C0503345AC71}
		{39A695FA-C27D-49B0-9E59-4E052E41EEF3} = {5B029BC2-D3E3-4624-B13F-C0503345AC71}
		{C9C360F1-90C8-4DFD-B63C-4FB230A2541E} = {5B029BC2-D3E3-4624-B13F-C0503345AC71}
		{E042F2DC-36C4-4BF5-AAAC-1A0CDF2A0D56} = {5B029BC2-D3E3-4624-B13F-C0503345AC71}
		{BF2D5BEE-4D0D-4D50-9E19-5629399B0834} = {79D8E564-49D3-4937-B8EC-5FA3A4C0E773}
		{D2E082E1-74F2-4193-B8F9-22820BDB6102} = {79D8E564-49D3-4937-B8EC-5FA3A4C0E773}
		{FD8EF481-8798-43CE-AC73-9AEAF88C2C14} = {79D8E564-49D3-4937-B8EC-5FA3A4C0E773}
		{C41CADEA-42A0-4B5B-BA01-E84CA920ACB8} = {79D8E564-49D3-4937-B8EC-5FA3A4C0E773}
		{77575A49-06E1-47D7-8932-2777A8E8EA61} = {79D8E564-49D3-4937-B8EC-5FA3A4C0E773}
		{91DD9975-CBAA-4076-B8B6-4A19AAE447F4} = {79D8E564-49D3-4937-B8EC-5FA3A4C0E773}
		{77C3244F-9305-44E8-89C6-364C0684295A} = {2E49AB43-F80C-48E1-B2E1-8195C3D2E92A}
		{9A039F9B-5641-4FA4-97AF-F484DC5852D0} = {79D8E564-49D3-4937-B8EC-5FA3A4C0E773}
		{58E4D8BB-5B88-497D-92F1-443593F6CA16} = {2E49AB43-F80C-48E1-B2E1-8195C3D2E92A}
		{AE387E0B-C388-4D8B-AD5D-17FDEABF9609} = {2E49AB43-F80C-48E1-B2E1-8195C3D2E92A}
		{DBD9DEFA-67BB-4CAD-99F8-44449C1A5B0A} = {2E49AB43-F80C-48E1-B2E1-8195C3D2E92A}
		{A9FC2358-1562-4476-A008-3CD57FBD33A3} = {2E49AB43-F80C-48E1-B2E1-8195C3D2E92A}
		{5D84C3D3-B638-463C-8074-7D5E1B39BFBD} = {2E49AB43-F80C-48E1-B2E1-8195C3D2E92A}
		{F4292B5A-8736-4B6D-8205-6471107A406A} = {2E49AB43-F80C-48E1-B2E1-8195C3D2E92A}
		{805FA3EE-6E12-4F8C-9D72-A4B2B19A6571} = {2E49AB43-F80C-48E1-B2E1-8195C3D2E92A}
		{A70F22B3-A2CA-4A6F-BBAF-A56BF92EAF7F} = {2E49AB43-F80C-48E1-B2E1-8195C3D2E92A}
		{E54C5DD3-56BA-4734-A7F8-B5345B0DE78F} = {2E49AB43-F80C-48E1-B2E1-8195C3D2E92A}
	EndGlobalSection
	GlobalSection(ExtensibilityGlobals) = postSolution
		SolutionGuid = {8483B3BC-0FB0-4A44-9F17-E96410447F36}
	EndGlobalSection
EndGlobal
